
Microsoft Visual Studio Solution File, Format Version 12.00
# Visual Studio 15
VisualStudioVersion = 15.0.26430.13
MinimumVisualStudioVersion = 10.0.40219.1
Project("{2150E333-8FDC-42A3-9474-1A3956D46DE8}") = "Lab 1", "Lab 1", "{6B531C5F-30AF-464F-BCDB-1A41E8836211}"
EndProject
Project("{2150E333-8FDC-42A3-9474-1A3956D46DE8}") = "Lab 1.1", "Lab 1.1", "{350B604A-34A0-47D9-BBC9-5F0C2C212373}"
EndProject
Project("{2150E333-8FDC-42A3-9474-1A3956D46DE8}") = "Lab 1.2", "Lab 1.2", "{C0D02336-0CE2-4CF8-B065-2B6A9537D6B2}"
EndProject
Project("{2150E333-8FDC-42A3-9474-1A3956D46DE8}") = "Lab 2", "Lab 2", "{DAAA296F-C5B7-4B21-B3D7-B24716812C10}"
EndProject
Project("{FAE04EC0-301F-11D3-BF4B-00C04F79EFBC}") = "LabOneApp_1.1", "Lab 1\Lab 1.1\LabOneApp_1.1\LabOneApp_1.1.csproj", "{0EB60115-05FA-4964-B696-2950905C7515}"
EndProject
Project("{FAE04EC0-301F-11D3-BF4B-00C04F79EFBC}") = "LabOneApp_1.2", "Lab 1\Lab 1.2\LabOneApp_1.2\LabOneApp_1.2.csproj", "{A3758AD2-A0D5-4C36-975F-C60E2AD728E9}"
EndProject
Project("{2150E333-8FDC-42A3-9474-1A3956D46DE8}") = "Lab 2.1", "Lab 2.1", "{D6FB0EAB-87A8-40B0-A6AD-558DDC454BC8}"
EndProject
Project("{2150E333-8FDC-42A3-9474-1A3956D46DE8}") = "Lab 2.2", "Lab 2.2", "{1A786F10-2211-490D-9048-D0BA87E48736}"
EndProject
Project("{FAE04EC0-301F-11D3-BF4B-00C04F79EFBC}") = "LabTwoApp_2.1", "Lab 2\Lab 2.1\LabTwoApp_2.1\LabTwoApp_2.1.csproj", "{856F4F19-D3DA-453E-853E-0577DBDB683F}"
EndProject
Project("{FAE04EC0-301F-11D3-BF4B-00C04F79EFBC}") = "LabTwoApp_2.2", "Lab 2\Lab 2.2\LabTwoApp_2.2\LabTwoApp_2.2.csproj", "{CF826B49-682B-4F77-824F-C59EC9B72F46}"
EndProject
Project("{2150E333-8FDC-42A3-9474-1A3956D46DE8}") = "Lab 3", "Lab 3", "{4A892373-A198-4D07-9F25-FC6E280DC682}"
EndProject
Project("{2150E333-8FDC-42A3-9474-1A3956D46DE8}") = "Lab 3.1", "Lab 3.1", "{770C9B71-4CC1-4529-92B9-AE185579083C}"
EndProject
Project("{2150E333-8FDC-42A3-9474-1A3956D46DE8}") = "Lab 3.2", "Lab 3.2", "{6C858CE8-2614-4AAE-AFA5-C37EE4675163}"
EndProject
Project("{FAE04EC0-301F-11D3-BF4B-00C04F79EFBC}") = "LabThreeApp_3.1", "Lab 3\Lab 3.1\LabThreeApp_3.1\LabThreeApp_3.1.csproj", "{312DB75F-A8CA-4E60-B59C-22DA675DBF93}"
EndProject
Project("{FAE04EC0-301F-11D3-BF4B-00C04F79EFBC}") = "LabThreeApp_3.2", "Lab 3\Lab 3.2\LabThreeApp_3.2\LabThreeApp_3.2.csproj", "{778E2D1E-2365-4341-A2A7-FEA788771280}"
EndProject
Project("{2150E333-8FDC-42A3-9474-1A3956D46DE8}") = "Lab 4", "Lab 4", "{8A5CBB31-32E4-4F39-A4BA-8F4BC4371C1E}"
EndProject
Project("{2150E333-8FDC-42A3-9474-1A3956D46DE8}") = "Lab 4.1", "Lab 4.1", "{DFAF9116-2C4B-442E-9945-92A028873B42}"
EndProject
Project("{2150E333-8FDC-42A3-9474-1A3956D46DE8}") = "Lab 4.2", "Lab 4.2", "{BA490D8D-FE65-4755-BB55-2CB52937FAC2}"
EndProject
Project("{2150E333-8FDC-42A3-9474-1A3956D46DE8}") = "Lab 4.3", "Lab 4.3", "{6716E8DD-9FF7-498A-9AE1-877BFDA2D6F0}"
EndProject
Project("{FAE04EC0-301F-11D3-BF4B-00C04F79EFBC}") = "LabFourApp_4.1", "Lab 4\Lab 4.1\LabFourApp_4.1\LabFourApp_4.1.csproj", "{CF7CCA42-90DF-487C-AEF0-74F6E53A924B}"
EndProject
Project("{FAE04EC0-301F-11D3-BF4B-00C04F79EFBC}") = "LabFourApp_4.2", "Lab 4\Lab 4.2\LabFourApp_4.2\LabFourApp_4.2.csproj", "{D9E1C18C-F7D7-4552-988D-194228A68705}"
EndProject
Project("{FAE04EC0-301F-11D3-BF4B-00C04F79EFBC}") = "LabFourApp_4.3", "Lab 4\Lab 4.3\LabFourApp_4.3\LabFourApp_4.3.csproj", "{8E32389C-4E66-41C4-A8CC-A02DE29962C4}"
EndProject
Project("{2150E333-8FDC-42A3-9474-1A3956D46DE8}") = "Lab 4.4", "Lab 4.4", "{1B3E2177-C7DD-46D9-9951-569DF63FC27C}"
EndProject
Project("{FAE04EC0-301F-11D3-BF4B-00C04F79EFBC}") = "LabFourApp_4.4", "Lab 4\Lab 4.4\LabFourApp_4.4\LabFourApp_4.4.csproj", "{37C7D982-4D69-467C-A6CC-2D1434B12E24}"
EndProject
Project("{2150E333-8FDC-42A3-9474-1A3956D46DE8}") = "Lab 4.5", "Lab 4.5", "{2D66A4C2-443B-4F81-8571-F1F8876FA38B}"
EndProject
Project("{FAE04EC0-301F-11D3-BF4B-00C04F79EFBC}") = "LabFourApp_4.5", "Lab 4\Lab 4.5\LabFourApp_4.5\LabFourApp_4.5.csproj", "{8C0B7D88-BC84-4A29-B8FF-CE3840527602}"
EndProject
Project("{2150E333-8FDC-42A3-9474-1A3956D46DE8}") = "Lab 5", "Lab 5", "{F9E83DEF-E84D-404F-8C97-910CB2BAB1AD}"
EndProject
Project("{2150E333-8FDC-42A3-9474-1A3956D46DE8}") = "Lab 5.1", "Lab 5.1", "{E937E15E-67DB-4F85-8436-6D1D8FFC7BC1}"
EndProject
Project("{FAE04EC0-301F-11D3-BF4B-00C04F79EFBC}") = "LabFiveApp_5.1", "Lab 5\Lab 5.1\LabFiveApp_5.1\LabFiveApp_5.1.csproj", "{3F474064-3665-4ABE-9CC9-52370DF82ABB}"
EndProject
Project("{2150E333-8FDC-42A3-9474-1A3956D46DE8}") = "Lab 5.2", "Lab 5.2", "{CF748AB8-EDD4-4D1E-BE2A-74B966F98D33}"
EndProject
Project("{FAE04EC0-301F-11D3-BF4B-00C04F79EFBC}") = "LabFiveApp_5.2", "Lab 5\Lab 5.2\LabFiveApp_5.2\LabFiveApp_5.2.csproj", "{5E6B442F-9BF5-42C3-91E4-8F262631B2AB}"
EndProject
Project("{2150E333-8FDC-42A3-9474-1A3956D46DE8}") = "Lab 5.3", "Lab 5.3", "{8CE3A07B-C13E-4479-BED2-2C75FD5B1C2D}"
EndProject
Project("{FAE04EC0-301F-11D3-BF4B-00C04F79EFBC}") = "LabFiveApp_5.3", "Lab 5\Lab 5.3\LabFiveApp_5.3\LabFiveApp_5.3.csproj", "{1CD8F364-FF92-418A-95AE-9B8D6F73852E}"
EndProject
Project("{2150E333-8FDC-42A3-9474-1A3956D46DE8}") = "Lab 6", "Lab 6", "{B9CAEE81-AE4C-4C94-BBBA-C45E3750350D}"
EndProject
Project("{2150E333-8FDC-42A3-9474-1A3956D46DE8}") = "Lab 6.1", "Lab 6.1", "{09136D2F-903A-4CA9-8F3F-ED2B64319E6B}"
EndProject
Project("{FAE04EC0-301F-11D3-BF4B-00C04F79EFBC}") = "LabSixApp_6.1", "Lab 6\Lab 6.1\LabSixApp_6.1\LabSixApp_6.1.csproj", "{E41EB6A2-57E8-4BCD-B291-230C24D6D676}"
EndProject
Project("{2150E333-8FDC-42A3-9474-1A3956D46DE8}") = "Lab 6.2", "Lab 6.2", "{46063A59-CBF9-46B3-A11F-0BAB66C8D305}"
EndProject
Project("{FAE04EC0-301F-11D3-BF4B-00C04F79EFBC}") = "LabSixApp_6.2", "Lab 6\Lab 6.2\LabSixApp_6.2\LabSixApp_6.2.csproj", "{47A6F45F-C4D9-48A4-BF17-CE6F0FD665A8}"
EndProject
Project("{2150E333-8FDC-42A3-9474-1A3956D46DE8}") = "Lab 6.3", "Lab 6.3", "{588FF3E6-FB83-4705-B1D4-78E4A7AD51EF}"
EndProject
Project("{FAE04EC0-301F-11D3-BF4B-00C04F79EFBC}") = "LabSixApp_6.3", "Lab 6\Lab 6.3\LabSixApp_6.3\LabSixApp_6.3.csproj", "{ECCF84BE-90F7-4AA1-817E-571BEB14A103}"
EndProject
Project("{2150E333-8FDC-42A3-9474-1A3956D46DE8}") = "Christmas Lab", "Christmas Lab", "{F21A6375-4169-4147-8319-C748FEBCF2CD}"
EndProject
Project("{FAE04EC0-301F-11D3-BF4B-00C04F79EFBC}") = "ChristmasApp", "Christmas Lab\ChristmasApp\ChristmasApp.csproj", "{66E810F8-9CD1-4ABD-ADD1-9EE128B76C66}"
EndProject
Global
	GlobalSection(SolutionConfigurationPlatforms) = preSolution
		Debug|Any CPU = Debug|Any CPU
		Release|Any CPU = Release|Any CPU
	EndGlobalSection
	GlobalSection(ProjectConfigurationPlatforms) = postSolution
		{0EB60115-05FA-4964-B696-2950905C7515}.Debug|Any CPU.ActiveCfg = Debug|Any CPU
		{0EB60115-05FA-4964-B696-2950905C7515}.Debug|Any CPU.Build.0 = Debug|Any CPU
		{0EB60115-05FA-4964-B696-2950905C7515}.Release|Any CPU.ActiveCfg = Release|Any CPU
		{0EB60115-05FA-4964-B696-2950905C7515}.Release|Any CPU.Build.0 = Release|Any CPU
		{A3758AD2-A0D5-4C36-975F-C60E2AD728E9}.Debug|Any CPU.ActiveCfg = Debug|Any CPU
		{A3758AD2-A0D5-4C36-975F-C60E2AD728E9}.Debug|Any CPU.Build.0 = Debug|Any CPU
		{A3758AD2-A0D5-4C36-975F-C60E2AD728E9}.Release|Any CPU.ActiveCfg = Release|Any CPU
		{A3758AD2-A0D5-4C36-975F-C60E2AD728E9}.Release|Any CPU.Build.0 = Release|Any CPU
		{856F4F19-D3DA-453E-853E-0577DBDB683F}.Debug|Any CPU.ActiveCfg = Debug|Any CPU
		{856F4F19-D3DA-453E-853E-0577DBDB683F}.Debug|Any CPU.Build.0 = Debug|Any CPU
		{856F4F19-D3DA-453E-853E-0577DBDB683F}.Release|Any CPU.ActiveCfg = Release|Any CPU
		{856F4F19-D3DA-453E-853E-0577DBDB683F}.Release|Any CPU.Build.0 = Release|Any CPU
		{CF826B49-682B-4F77-824F-C59EC9B72F46}.Debug|Any CPU.ActiveCfg = Debug|Any CPU
		{CF826B49-682B-4F77-824F-C59EC9B72F46}.Debug|Any CPU.Build.0 = Debug|Any CPU
		{CF826B49-682B-4F77-824F-C59EC9B72F46}.Release|Any CPU.ActiveCfg = Release|Any CPU
		{CF826B49-682B-4F77-824F-C59EC9B72F46}.Release|Any CPU.Build.0 = Release|Any CPU
		{312DB75F-A8CA-4E60-B59C-22DA675DBF93}.Debug|Any CPU.ActiveCfg = Debug|Any CPU
		{312DB75F-A8CA-4E60-B59C-22DA675DBF93}.Debug|Any CPU.Build.0 = Debug|Any CPU
		{312DB75F-A8CA-4E60-B59C-22DA675DBF93}.Release|Any CPU.ActiveCfg = Release|Any CPU
		{312DB75F-A8CA-4E60-B59C-22DA675DBF93}.Release|Any CPU.Build.0 = Release|Any CPU
		{778E2D1E-2365-4341-A2A7-FEA788771280}.Debug|Any CPU.ActiveCfg = Debug|Any CPU
		{778E2D1E-2365-4341-A2A7-FEA788771280}.Debug|Any CPU.Build.0 = Debug|Any CPU
		{778E2D1E-2365-4341-A2A7-FEA788771280}.Release|Any CPU.ActiveCfg = Release|Any CPU
		{778E2D1E-2365-4341-A2A7-FEA788771280}.Release|Any CPU.Build.0 = Release|Any CPU
		{CF7CCA42-90DF-487C-AEF0-74F6E53A924B}.Debug|Any CPU.ActiveCfg = Debug|Any CPU
		{CF7CCA42-90DF-487C-AEF0-74F6E53A924B}.Debug|Any CPU.Build.0 = Debug|Any CPU
		{CF7CCA42-90DF-487C-AEF0-74F6E53A924B}.Release|Any CPU.ActiveCfg = Release|Any CPU
		{CF7CCA42-90DF-487C-AEF0-74F6E53A924B}.Release|Any CPU.Build.0 = Release|Any CPU
		{D9E1C18C-F7D7-4552-988D-194228A68705}.Debug|Any CPU.ActiveCfg = Debug|Any CPU
		{D9E1C18C-F7D7-4552-988D-194228A68705}.Debug|Any CPU.Build.0 = Debug|Any CPU
		{D9E1C18C-F7D7-4552-988D-194228A68705}.Release|Any CPU.ActiveCfg = Release|Any CPU
		{D9E1C18C-F7D7-4552-988D-194228A68705}.Release|Any CPU.Build.0 = Release|Any CPU
		{8E32389C-4E66-41C4-A8CC-A02DE29962C4}.Debug|Any CPU.ActiveCfg = Debug|Any CPU
		{8E32389C-4E66-41C4-A8CC-A02DE29962C4}.Debug|Any CPU.Build.0 = Debug|Any CPU
		{8E32389C-4E66-41C4-A8CC-A02DE29962C4}.Release|Any CPU.ActiveCfg = Release|Any CPU
		{8E32389C-4E66-41C4-A8CC-A02DE29962C4}.Release|Any CPU.Build.0 = Release|Any CPU
		{37C7D982-4D69-467C-A6CC-2D1434B12E24}.Debug|Any CPU.ActiveCfg = Debug|Any CPU
		{37C7D982-4D69-467C-A6CC-2D1434B12E24}.Debug|Any CPU.Build.0 = Debug|Any CPU
		{37C7D982-4D69-467C-A6CC-2D1434B12E24}.Release|Any CPU.ActiveCfg = Release|Any CPU
		{37C7D982-4D69-467C-A6CC-2D1434B12E24}.Release|Any CPU.Build.0 = Release|Any CPU
		{8C0B7D88-BC84-4A29-B8FF-CE3840527602}.Debug|Any CPU.ActiveCfg = Debug|Any CPU
		{8C0B7D88-BC84-4A29-B8FF-CE3840527602}.Debug|Any CPU.Build.0 = Debug|Any CPU
		{8C0B7D88-BC84-4A29-B8FF-CE3840527602}.Release|Any CPU.ActiveCfg = Release|Any CPU
		{8C0B7D88-BC84-4A29-B8FF-CE3840527602}.Release|Any CPU.Build.0 = Release|Any CPU
		{3F474064-3665-4ABE-9CC9-52370DF82ABB}.Debug|Any CPU.ActiveCfg = Debug|Any CPU
		{3F474064-3665-4ABE-9CC9-52370DF82ABB}.Debug|Any CPU.Build.0 = Debug|Any CPU
		{3F474064-3665-4ABE-9CC9-52370DF82ABB}.Release|Any CPU.ActiveCfg = Release|Any CPU
		{3F474064-3665-4ABE-9CC9-52370DF82ABB}.Release|Any CPU.Build.0 = Release|Any CPU
		{5E6B442F-9BF5-42C3-91E4-8F262631B2AB}.Debug|Any CPU.ActiveCfg = Debug|Any CPU
		{5E6B442F-9BF5-42C3-91E4-8F262631B2AB}.Debug|Any CPU.Build.0 = Debug|Any CPU
		{5E6B442F-9BF5-42C3-91E4-8F262631B2AB}.Release|Any CPU.ActiveCfg = Release|Any CPU
		{5E6B442F-9BF5-42C3-91E4-8F262631B2AB}.Release|Any CPU.Build.0 = Release|Any CPU
		{1CD8F364-FF92-418A-95AE-9B8D6F73852E}.Debug|Any CPU.ActiveCfg = Debug|Any CPU
		{1CD8F364-FF92-418A-95AE-9B8D6F73852E}.Debug|Any CPU.Build.0 = Debug|Any CPU
		{1CD8F364-FF92-418A-95AE-9B8D6F73852E}.Release|Any CPU.ActiveCfg = Release|Any CPU
		{1CD8F364-FF92-418A-95AE-9B8D6F73852E}.Release|Any CPU.Build.0 = Release|Any CPU
		{E41EB6A2-57E8-4BCD-B291-230C24D6D676}.Debug|Any CPU.ActiveCfg = Debug|Any CPU
		{E41EB6A2-57E8-4BCD-B291-230C24D6D676}.Debug|Any CPU.Build.0 = Debug|Any CPU
		{E41EB6A2-57E8-4BCD-B291-230C24D6D676}.Release|Any CPU.ActiveCfg = Release|Any CPU
		{E41EB6A2-57E8-4BCD-B291-230C24D6D676}.Release|Any CPU.Build.0 = Release|Any CPU
		{47A6F45F-C4D9-48A4-BF17-CE6F0FD665A8}.Debug|Any CPU.ActiveCfg = Debug|Any CPU
		{47A6F45F-C4D9-48A4-BF17-CE6F0FD665A8}.Debug|Any CPU.Build.0 = Debug|Any CPU
		{47A6F45F-C4D9-48A4-BF17-CE6F0FD665A8}.Release|Any CPU.ActiveCfg = Release|Any CPU
		{47A6F45F-C4D9-48A4-BF17-CE6F0FD665A8}.Release|Any CPU.Build.0 = Release|Any CPU
		{ECCF84BE-90F7-4AA1-817E-571BEB14A103}.Debug|Any CPU.ActiveCfg = Debug|Any CPU
		{ECCF84BE-90F7-4AA1-817E-571BEB14A103}.Debug|Any CPU.Build.0 = Debug|Any CPU
		{ECCF84BE-90F7-4AA1-817E-571BEB14A103}.Release|Any CPU.ActiveCfg = Release|Any CPU
		{ECCF84BE-90F7-4AA1-817E-571BEB14A103}.Release|Any CPU.Build.0 = Release|Any CPU
		{66E810F8-9CD1-4ABD-ADD1-9EE128B76C66}.Debug|Any CPU.ActiveCfg = Debug|Any CPU
		{66E810F8-9CD1-4ABD-ADD1-9EE128B76C66}.Debug|Any CPU.Build.0 = Debug|Any CPU
		{66E810F8-9CD1-4ABD-ADD1-9EE128B76C66}.Release|Any CPU.ActiveCfg = Release|Any CPU
		{66E810F8-9CD1-4ABD-ADD1-9EE128B76C66}.Release|Any CPU.Build.0 = Release|Any CPU
	EndGlobalSection
	GlobalSection(SolutionProperties) = preSolution
		HideSolutionNode = FALSE
	EndGlobalSection
	GlobalSection(NestedProjects) = preSolution
		{350B604A-34A0-47D9-BBC9-5F0C2C212373} = {6B531C5F-30AF-464F-BCDB-1A41E8836211}
		{C0D02336-0CE2-4CF8-B065-2B6A9537D6B2} = {6B531C5F-30AF-464F-BCDB-1A41E8836211}
		{0EB60115-05FA-4964-B696-2950905C7515} = {350B604A-34A0-47D9-BBC9-5F0C2C212373}
		{A3758AD2-A0D5-4C36-975F-C60E2AD728E9} = {C0D02336-0CE2-4CF8-B065-2B6A9537D6B2}
		{D6FB0EAB-87A8-40B0-A6AD-558DDC454BC8} = {DAAA296F-C5B7-4B21-B3D7-B24716812C10}
		{1A786F10-2211-490D-9048-D0BA87E48736} = {DAAA296F-C5B7-4B21-B3D7-B24716812C10}
		{856F4F19-D3DA-453E-853E-0577DBDB683F} = {D6FB0EAB-87A8-40B0-A6AD-558DDC454BC8}
		{CF826B49-682B-4F77-824F-C59EC9B72F46} = {1A786F10-2211-490D-9048-D0BA87E48736}
		{770C9B71-4CC1-4529-92B9-AE185579083C} = {4A892373-A198-4D07-9F25-FC6E280DC682}
		{6C858CE8-2614-4AAE-AFA5-C37EE4675163} = {4A892373-A198-4D07-9F25-FC6E280DC682}
		{312DB75F-A8CA-4E60-B59C-22DA675DBF93} = {770C9B71-4CC1-4529-92B9-AE185579083C}
		{778E2D1E-2365-4341-A2A7-FEA788771280} = {6C858CE8-2614-4AAE-AFA5-C37EE4675163}
		{DFAF9116-2C4B-442E-9945-92A028873B42} = {8A5CBB31-32E4-4F39-A4BA-8F4BC4371C1E}
		{BA490D8D-FE65-4755-BB55-2CB52937FAC2} = {8A5CBB31-32E4-4F39-A4BA-8F4BC4371C1E}
		{6716E8DD-9FF7-498A-9AE1-877BFDA2D6F0} = {8A5CBB31-32E4-4F39-A4BA-8F4BC4371C1E}
		{CF7CCA42-90DF-487C-AEF0-74F6E53A924B} = {DFAF9116-2C4B-442E-9945-92A028873B42}
		{D9E1C18C-F7D7-4552-988D-194228A68705} = {BA490D8D-FE65-4755-BB55-2CB52937FAC2}
		{8E32389C-4E66-41C4-A8CC-A02DE29962C4} = {6716E8DD-9FF7-498A-9AE1-877BFDA2D6F0}
		{1B3E2177-C7DD-46D9-9951-569DF63FC27C} = {8A5CBB31-32E4-4F39-A4BA-8F4BC4371C1E}
		{37C7D982-4D69-467C-A6CC-2D1434B12E24} = {1B3E2177-C7DD-46D9-9951-569DF63FC27C}
		{2D66A4C2-443B-4F81-8571-F1F8876FA38B} = {8A5CBB31-32E4-4F39-A4BA-8F4BC4371C1E}
		{8C0B7D88-BC84-4A29-B8FF-CE3840527602} = {2D66A4C2-443B-4F81-8571-F1F8876FA38B}
		{E937E15E-67DB-4F85-8436-6D1D8FFC7BC1} = {F9E83DEF-E84D-404F-8C97-910CB2BAB1AD}
		{3F474064-3665-4ABE-9CC9-52370DF82ABB} = {E937E15E-67DB-4F85-8436-6D1D8FFC7BC1}
		{CF748AB8-EDD4-4D1E-BE2A-74B966F98D33} = {F9E83DEF-E84D-404F-8C97-910CB2BAB1AD}
		{5E6B442F-9BF5-42C3-91E4-8F262631B2AB} = {CF748AB8-EDD4-4D1E-BE2A-74B966F98D33}
		{8CE3A07B-C13E-4479-BED2-2C75FD5B1C2D} = {F9E83DEF-E84D-404F-8C97-910CB2BAB1AD}
		{1CD8F364-FF92-418A-95AE-9B8D6F73852E} = {8CE3A07B-C13E-4479-BED2-2C75FD5B1C2D}
		{09136D2F-903A-4CA9-8F3F-ED2B64319E6B} = {B9CAEE81-AE4C-4C94-BBBA-C45E3750350D}
		{E41EB6A2-57E8-4BCD-B291-230C24D6D676} = {09136D2F-903A-4CA9-8F3F-ED2B64319E6B}
		{46063A59-CBF9-46B3-A11F-0BAB66C8D305} = {B9CAEE81-AE4C-4C94-BBBA-C45E3750350D}
		{47A6F45F-C4D9-48A4-BF17-CE6F0FD665A8} = {46063A59-CBF9-46B3-A11F-0BAB66C8D305}
		{588FF3E6-FB83-4705-B1D4-78E4A7AD51EF} = {B9CAEE81-AE4C-4C94-BBBA-C45E3750350D}
		{ECCF84BE-90F7-4AA1-817E-571BEB14A103} = {588FF3E6-FB83-4705-B1D4-78E4A7AD51EF}
		{66E810F8-9CD1-4ABD-ADD1-9EE128B76C66} = {F21A6375-4169-4147-8319-C748FEBCF2CD}
	EndGlobalSection
EndGlobal
